
Microsoft Visual Studio Solution File, Format Version 12.00
# Visual Studio Version 17
VisualStudioVersion = 17.6.33829.357
MinimumVisualStudioVersion = 10.0.40219.1
Project("{FAE04EC0-301F-11D3-BF4B-00C04F79EFBC}") = "Prb.PracticaGrupasa", "Prb.PracticaGrupasa\Prb.PracticaGrupasa.csproj", "{015D2EEF-F0B5-49F3-A0C0-B75604F68A3F}"
EndProject
Project("{FAE04EC0-301F-11D3-BF4B-00C04F79EFBC}") = "Prb.PracticaGrupasa.Application", "Prb.PracticaGrupasa.Application\Prb.PracticaGrupasa.Application.csproj", "{1ECF7449-E58D-4D54-B349-1FA5E4D1F14A}"
EndProject
Project("{FAE04EC0-301F-11D3-BF4B-00C04F79EFBC}") = "Prb.PracticaGrupasa.Infraestructure", "Prb.PracticaGrupasa.Infraestructure\Prb.PracticaGrupasa.Infraestructure.csproj", "{B25BD139-AE8C-4F5D-ABD6-116BA49B9322}"
EndProject
Project("{FAE04EC0-301F-11D3-BF4B-00C04F79EFBC}") = "Prb.PracticaGrupasa.Domain", "Prb.PracticaGrupasa.Domain\Prb.PracticaGrupasa.Domain.csproj", "{01393061-4DD4-4AB4-BDA2-E9CFDD076AF2}"
EndProject
Global
	GlobalSection(SolutionConfigurationPlatforms) = preSolution
		Debug|Any CPU = Debug|Any CPU
		Release|Any CPU = Release|Any CPU
	EndGlobalSection
	GlobalSection(ProjectConfigurationPlatforms) = postSolution
		{015D2EEF-F0B5-49F3-A0C0-B75604F68A3F}.Debug|Any CPU.ActiveCfg = Debug|Any CPU
		{015D2EEF-F0B5-49F3-A0C0-B75604F68A3F}.Debug|Any CPU.Build.0 = Debug|Any CPU
		{015D2EEF-F0B5-49F3-A0C0-B75604F68A3F}.Release|Any CPU.ActiveCfg = Release|Any CPU
		{015D2EEF-F0B5-49F3-A0C0-B75604F68A3F}.Release|Any CPU.Build.0 = Release|Any CPU
		{1ECF7449-E58D-4D54-B349-1FA5E4D1F14A}.Debug|Any CPU.ActiveCfg = Debug|Any CPU
		{1ECF7449-E58D-4D54-B349-1FA5E4D1F14A}.Debug|Any CPU.Build.0 = Debug|Any CPU
		{1ECF7449-E58D-4D54-B349-1FA5E4D1F14A}.Release|Any CPU.ActiveCfg = Release|Any CPU
		{1ECF7449-E58D-4D54-B349-1FA5E4D1F14A}.Release|Any CPU.Build.0 = Release|Any CPU
		{B25BD139-AE8C-4F5D-ABD6-116BA49B9322}.Debug|Any CPU.ActiveCfg = Debug|Any CPU
		{B25BD139-AE8C-4F5D-ABD6-116BA49B9322}.Debug|Any CPU.Build.0 = Debug|Any CPU
		{B25BD139-AE8C-4F5D-ABD6-116BA49B9322}.Release|Any CPU.ActiveCfg = Release|Any CPU
		{B25BD139-AE8C-4F5D-ABD6-116BA49B9322}.Release|Any CPU.Build.0 = Release|Any CPU
		{01393061-4DD4-4AB4-BDA2-E9CFDD076AF2}.Debug|Any CPU.ActiveCfg = Debug|Any CPU
		{01393061-4DD4-4AB4-BDA2-E9CFDD076AF2}.Debug|Any CPU.Build.0 = Debug|Any CPU
		{01393061-4DD4-4AB4-BDA2-E9CFDD076AF2}.Release|Any CPU.ActiveCfg = Release|Any CPU
		{01393061-4DD4-4AB4-BDA2-E9CFDD076AF2}.Release|Any CPU.Build.0 = Release|Any CPU
	EndGlobalSection
	GlobalSection(SolutionProperties) = preSolution
		HideSolutionNode = FALSE
	EndGlobalSection
	GlobalSection(ExtensibilityGlobals) = postSolution
		SolutionGuid = {8F3A50A5-F6E7-4BEE-9C13-803A7478E54C}
	EndGlobalSection
EndGlobal
